
Microsoft Visual Studio Solution File, Format Version 12.00
Project("{FAE04EC0-301F-11D3-BF4B-00C04F79EFBC}") = "ChatForge", "ChatForge\ChatForge.csproj", "{BDFFC2DE-4450-4A0E-9A3E-9D438A42F9F6}"
EndProject
Project("{FAE04EC0-301F-11D3-BF4B-00C04F79EFBC}") = "ChatForgeUI", "ChatForgeUI\ChatForgeUI.csproj", "{32BC87B5-A5FE-4722-AEDE-AB7FACE33267}"
EndProject
Global
	GlobalSection(SolutionConfigurationPlatforms) = preSolution
		Debug|Any CPU = Debug|Any CPU
		Release|Any CPU = Release|Any CPU
	EndGlobalSection
	GlobalSection(ProjectConfigurationPlatforms) = postSolution
		{BDFFC2DE-4450-4A0E-9A3E-9D438A42F9F6}.Debug|Any CPU.ActiveCfg = Debug|Any CPU
		{BDFFC2DE-4450-4A0E-9A3E-9D438A42F9F6}.Debug|Any CPU.Build.0 = Debug|Any CPU
		{BDFFC2DE-4450-4A0E-9A3E-9D438A42F9F6}.Release|Any CPU.ActiveCfg = Release|Any CPU
		{BDFFC2DE-4450-4A0E-9A3E-9D438A42F9F6}.Release|Any CPU.Build.0 = Release|Any CPU
		{32BC87B5-A5FE-4722-AEDE-AB7FACE33267}.Debug|Any CPU.ActiveCfg = Debug|Any CPU
		{32BC87B5-A5FE-4722-AEDE-AB7FACE33267}.Debug|Any CPU.Build.0 = Debug|Any CPU
		{32BC87B5-A5FE-4722-AEDE-AB7FACE33267}.Release|Any CPU.ActiveCfg = Release|Any CPU
		{32BC87B5-A5FE-4722-AEDE-AB7FACE33267}.Release|Any CPU.Build.0 = Release|Any CPU
	EndGlobalSection
EndGlobal
